
Microsoft Visual Studio Solution File, Format Version 12.00
# Visual Studio 14
VisualStudioVersion = 14.0.25420.1
MinimumVisualStudioVersion = 10.0.40219.1
Project("{FAE04EC0-301F-11D3-BF4B-00C04F79EFBC}") = "HelloWorld_Producer", "HelloWorld_Producer\HelloWorld_Producer.csproj", "{C0E857B1-4058-4E3A-901C-9F0A590D3E3F}"
EndProject
Project("{FAE04EC0-301F-11D3-BF4B-00C04F79EFBC}") = "HelloWorld_Consumer", "HelloWorld_Consumer\HelloWorld_Consumer.csproj", "{14263298-D4D9-4201-8BB1-4E8D3B94E1C0}"
EndProject
Project("{2150E333-8FDC-42A3-9474-1A3956D46DE8}") = "01 Hello World", "01 Hello World", "{A5A11147-D4AE-4118-A03A-57A7B8A1E922}"
EndProject
Project("{FAE04EC0-301F-11D3-BF4B-00C04F79EFBC}") = "WorkQueue_Consumer", "WorkQueue_Consumer\WorkQueue_Consumer.csproj", "{A1A452E4-705D-4A39-A6BE-5479283C641D}"
EndProject
Project("{FAE04EC0-301F-11D3-BF4B-00C04F79EFBC}") = "WorkQueue_Producer", "WorkQueue_Producer\WorkQueue_Producer.csproj", "{7A8A7D86-5205-4A9F-95FC-0FE08D4207FD}"
EndProject
Project("{2150E333-8FDC-42A3-9474-1A3956D46DE8}") = "02 Work Queue", "02 Work Queue", "{CF419385-02F2-4A00-91A6-FDF2AAF610DC}"
EndProject
Project("{2150E333-8FDC-42A3-9474-1A3956D46DE8}") = "03 PubSub", "03 PubSub", "{7F25AA25-80EB-4160-8DD2-D5784589A3D3}"
EndProject
Project("{FAE04EC0-301F-11D3-BF4B-00C04F79EFBC}") = "PubSub_Consumer", "PubSub_Consumer\PubSub_Consumer.csproj", "{C7C5BE3F-E034-4F46-A2E2-56C4A7070FDF}"
EndProject
Project("{FAE04EC0-301F-11D3-BF4B-00C04F79EFBC}") = "PubSub_Producer", "PubSub_Producer\PubSub_Producer.csproj", "{A0EAA970-B3A4-49B8-96A1-5E1CB9B1D84F}"
EndProject
Project("{2150E333-8FDC-42A3-9474-1A3956D46DE8}") = "04 Routing", "04 Routing", "{CA6BF16D-BC8E-49EF-8194-ADD1A995EB5C}"
EndProject
Project("{FAE04EC0-301F-11D3-BF4B-00C04F79EFBC}") = "Routing_Producer", "Routing_Producer\Routing_Producer.csproj", "{DEA6BBC1-CF36-4EFA-BD5F-0717AE483C35}"
EndProject
Project("{FAE04EC0-301F-11D3-BF4B-00C04F79EFBC}") = "Routing_Consumer", "Routing_Consumer\Routing_Consumer.csproj", "{20E2F78C-942C-4744-8F9C-ED573D329692}"
EndProject
Project("{2150E333-8FDC-42A3-9474-1A3956D46DE8}") = "05 Topics", "05 Topics", "{0E118379-8FFB-432F-A95B-6AE2853F6F4D}"
EndProject
Project("{FAE04EC0-301F-11D3-BF4B-00C04F79EFBC}") = "Topics_Producer", "Topics_Producer\Topics_Producer.csproj", "{85BD1446-FA60-4DE3-8A25-83CB16EB544D}"
EndProject
Project("{FAE04EC0-301F-11D3-BF4B-00C04F79EFBC}") = "Topics_Consumer", "Topics_Consumer\Topics_Consumer.csproj", "{FE035548-9E0C-4E91-AB53-3B03D9C148A8}"
EndProject
Global
	GlobalSection(SolutionConfigurationPlatforms) = preSolution
		Debug|Any CPU = Debug|Any CPU
		Release|Any CPU = Release|Any CPU
	EndGlobalSection
	GlobalSection(ProjectConfigurationPlatforms) = postSolution
		{C0E857B1-4058-4E3A-901C-9F0A590D3E3F}.Debug|Any CPU.ActiveCfg = Debug|Any CPU
		{C0E857B1-4058-4E3A-901C-9F0A590D3E3F}.Debug|Any CPU.Build.0 = Debug|Any CPU
		{C0E857B1-4058-4E3A-901C-9F0A590D3E3F}.Release|Any CPU.ActiveCfg = Release|Any CPU
		{C0E857B1-4058-4E3A-901C-9F0A590D3E3F}.Release|Any CPU.Build.0 = Release|Any CPU
		{14263298-D4D9-4201-8BB1-4E8D3B94E1C0}.Debug|Any CPU.ActiveCfg = Debug|Any CPU
		{14263298-D4D9-4201-8BB1-4E8D3B94E1C0}.Debug|Any CPU.Build.0 = Debug|Any CPU
		{14263298-D4D9-4201-8BB1-4E8D3B94E1C0}.Release|Any CPU.ActiveCfg = Release|Any CPU
		{14263298-D4D9-4201-8BB1-4E8D3B94E1C0}.Release|Any CPU.Build.0 = Release|Any CPU
		{A1A452E4-705D-4A39-A6BE-5479283C641D}.Debug|Any CPU.ActiveCfg = Debug|Any CPU
		{A1A452E4-705D-4A39-A6BE-5479283C641D}.Debug|Any CPU.Build.0 = Debug|Any CPU
		{A1A452E4-705D-4A39-A6BE-5479283C641D}.Release|Any CPU.ActiveCfg = Release|Any CPU
		{A1A452E4-705D-4A39-A6BE-5479283C641D}.Release|Any CPU.Build.0 = Release|Any CPU
		{7A8A7D86-5205-4A9F-95FC-0FE08D4207FD}.Debug|Any CPU.ActiveCfg = Debug|Any CPU
		{7A8A7D86-5205-4A9F-95FC-0FE08D4207FD}.Debug|Any CPU.Build.0 = Debug|Any CPU
		{7A8A7D86-5205-4A9F-95FC-0FE08D4207FD}.Release|Any CPU.ActiveCfg = Release|Any CPU
		{7A8A7D86-5205-4A9F-95FC-0FE08D4207FD}.Release|Any CPU.Build.0 = Release|Any CPU
		{C7C5BE3F-E034-4F46-A2E2-56C4A7070FDF}.Debug|Any CPU.ActiveCfg = Debug|Any CPU
		{C7C5BE3F-E034-4F46-A2E2-56C4A7070FDF}.Debug|Any CPU.Build.0 = Debug|Any CPU
		{C7C5BE3F-E034-4F46-A2E2-56C4A7070FDF}.Release|Any CPU.ActiveCfg = Release|Any CPU
		{C7C5BE3F-E034-4F46-A2E2-56C4A7070FDF}.Release|Any CPU.Build.0 = Release|Any CPU
		{A0EAA970-B3A4-49B8-96A1-5E1CB9B1D84F}.Debug|Any CPU.ActiveCfg = Debug|Any CPU
		{A0EAA970-B3A4-49B8-96A1-5E1CB9B1D84F}.Debug|Any CPU.Build.0 = Debug|Any CPU
		{A0EAA970-B3A4-49B8-96A1-5E1CB9B1D84F}.Release|Any CPU.ActiveCfg = Release|Any CPU
		{A0EAA970-B3A4-49B8-96A1-5E1CB9B1D84F}.Release|Any CPU.Build.0 = Release|Any CPU
		{DEA6BBC1-CF36-4EFA-BD5F-0717AE483C35}.Debug|Any CPU.ActiveCfg = Debug|Any CPU
		{DEA6BBC1-CF36-4EFA-BD5F-0717AE483C35}.Debug|Any CPU.Build.0 = Debug|Any CPU
		{DEA6BBC1-CF36-4EFA-BD5F-0717AE483C35}.Release|Any CPU.ActiveCfg = Release|Any CPU
		{DEA6BBC1-CF36-4EFA-BD5F-0717AE483C35}.Release|Any CPU.Build.0 = Release|Any CPU
		{20E2F78C-942C-4744-8F9C-ED573D329692}.Debug|Any CPU.ActiveCfg = Debug|Any CPU
		{20E2F78C-942C-4744-8F9C-ED573D329692}.Debug|Any CPU.Build.0 = Debug|Any CPU
		{20E2F78C-942C-4744-8F9C-ED573D329692}.Release|Any CPU.ActiveCfg = Release|Any CPU
		{20E2F78C-942C-4744-8F9C-ED573D329692}.Release|Any CPU.Build.0 = Release|Any CPU
		{85BD1446-FA60-4DE3-8A25-83CB16EB544D}.Debug|Any CPU.ActiveCfg = Debug|Any CPU
		{85BD1446-FA60-4DE3-8A25-83CB16EB544D}.Debug|Any CPU.Build.0 = Debug|Any CPU
		{85BD1446-FA60-4DE3-8A25-83CB16EB544D}.Release|Any CPU.ActiveCfg = Release|Any CPU
		{85BD1446-FA60-4DE3-8A25-83CB16EB544D}.Release|Any CPU.Build.0 = Release|Any CPU
		{FE035548-9E0C-4E91-AB53-3B03D9C148A8}.Debug|Any CPU.ActiveCfg = Debug|Any CPU
		{FE035548-9E0C-4E91-AB53-3B03D9C148A8}.Debug|Any CPU.Build.0 = Debug|Any CPU
		{FE035548-9E0C-4E91-AB53-3B03D9C148A8}.Release|Any CPU.ActiveCfg = Release|Any CPU
		{FE035548-9E0C-4E91-AB53-3B03D9C148A8}.Release|Any CPU.Build.0 = Release|Any CPU
	EndGlobalSection
	GlobalSection(SolutionProperties) = preSolution
		HideSolutionNode = FALSE
	EndGlobalSection
	GlobalSection(NestedProjects) = preSolution
		{C0E857B1-4058-4E3A-901C-9F0A590D3E3F} = {A5A11147-D4AE-4118-A03A-57A7B8A1E922}
		{14263298-D4D9-4201-8BB1-4E8D3B94E1C0} = {A5A11147-D4AE-4118-A03A-57A7B8A1E922}
		{A1A452E4-705D-4A39-A6BE-5479283C641D} = {CF419385-02F2-4A00-91A6-FDF2AAF610DC}
		{7A8A7D86-5205-4A9F-95FC-0FE08D4207FD} = {CF419385-02F2-4A00-91A6-FDF2AAF610DC}
		{C7C5BE3F-E034-4F46-A2E2-56C4A7070FDF} = {7F25AA25-80EB-4160-8DD2-D5784589A3D3}
		{A0EAA970-B3A4-49B8-96A1-5E1CB9B1D84F} = {7F25AA25-80EB-4160-8DD2-D5784589A3D3}
		{DEA6BBC1-CF36-4EFA-BD5F-0717AE483C35} = {CA6BF16D-BC8E-49EF-8194-ADD1A995EB5C}
		{20E2F78C-942C-4744-8F9C-ED573D329692} = {CA6BF16D-BC8E-49EF-8194-ADD1A995EB5C}
		{85BD1446-FA60-4DE3-8A25-83CB16EB544D} = {0E118379-8FFB-432F-A95B-6AE2853F6F4D}
		{FE035548-9E0C-4E91-AB53-3B03D9C148A8} = {0E118379-8FFB-432F-A95B-6AE2853F6F4D}
	EndGlobalSection
EndGlobal
